{
	"name": "chriskuhtz-pokemon-api",
	"version": "0.0.5-alpha.0",
	"lockfileVersion": 2,
	"requires": true,
	"packages": {
		"": {
			"name": "chriskuhtz-pokemon-api",
			"version": "0.0.4-alpha.0",
			"dependencies": {
				"hoist": "^0.0.6"
			},
			"devDependencies": {
				"@reduxjs/toolkit": "^1.8.1",
				"@types/jest": "24.0.11",
				"@types/node": "11.13.0",
				"@types/react": "16.8.10",
				"@types/react-dom": "16.8.3",
				"react": "^18.1.0",
				"react-dom": "^18.1.0",
				"react-redux": "^8.0.1",
				"tslib": "1.9.3",
				"typescript": "^4.6.4"
			},
			"peerDependencies": {
				"react": ">= 16.8.0 < 19",
				"react-dom": ">= 16.8.0 < 19"
			}
		},
		"node_modules/@babel/runtime": {
			"version": "7.17.9",
			"resolved": "https://registry.npmjs.org/@babel/runtime/-/runtime-7.17.9.tgz",
			"integrity": "sha512-lSiBBvodq29uShpWGNbgFdKYNiFDo5/HIYsaCEY9ff4sb10x9jizo2+pRrSyF4jKZCXqgzuqBOQKbUm90gQwJg==",
			"dev": true,
			"dependencies": {
				"regenerator-runtime": "^0.13.4"
			},
			"engines": {
				"node": ">=6.9.0"
			}
		},
		"node_modules/@jest/schemas": {
			"version": "28.0.2",
			"resolved": "https://registry.npmjs.org/@jest/schemas/-/schemas-28.0.2.tgz",
			"integrity": "sha512-YVDJZjd4izeTDkij00vHHAymNXQ6WWsdChFRK86qck6Jpr3DCL5W3Is3vslviRlP+bLuMYRLbdp98amMvqudhA==",
			"dev": true,
			"dependencies": {
				"@sinclair/typebox": "^0.23.3"
			},
			"engines": {
				"node": "^12.13.0 || ^14.15.0 || ^16.10.0 || >=17.0.0"
			}
		},
		"node_modules/@reduxjs/toolkit": {
			"version": "1.8.1",
			"resolved": "https://registry.npmjs.org/@reduxjs/toolkit/-/toolkit-1.8.1.tgz",
			"integrity": "sha512-Q6mzbTpO9nOYRnkwpDlFOAbQnd3g7zj7CtHAZWz5SzE5lcV97Tf8f3SzOO8BoPOMYBFgfZaqTUZqgGu+a0+Fng==",
			"dev": true,
			"dependencies": {
				"immer": "^9.0.7",
				"redux": "^4.1.2",
				"redux-thunk": "^2.4.1",
				"reselect": "^4.1.5"
			},
			"peerDependencies": {
				"react": "^16.9.0 || ^17.0.0 || ^18",
				"react-redux": "^7.2.1 || ^8.0.0-beta"
			},
			"peerDependenciesMeta": {
				"react": {
					"optional": true
				},
				"react-redux": {
					"optional": true
				}
			}
		},
		"node_modules/@sinclair/typebox": {
			"version": "0.23.5",
			"resolved": "https://registry.npmjs.org/@sinclair/typebox/-/typebox-0.23.5.tgz",
			"integrity": "sha512-AFBVi/iT4g20DHoujvMH1aEDn8fGJh4xsRGCP6d8RpLPMqsNPvW01Jcn0QysXTsg++/xj25NmJsGyH9xug/wKg==",
			"dev": true
		},
		"node_modules/@types/hoist-non-react-statics": {
			"version": "3.3.1",
			"resolved": "https://registry.npmjs.org/@types/hoist-non-react-statics/-/hoist-non-react-statics-3.3.1.tgz",
			"integrity": "sha512-iMIqiko6ooLrTh1joXodJK5X9xeEALT1kM5G3ZLhD3hszxBdIEd5C75U834D9mLcINgD4OyZf5uQXjkuYydWvA==",
			"dev": true,
			"dependencies": {
				"@types/react": "*",
				"hoist-non-react-statics": "^3.3.0"
			}
		},
		"node_modules/@types/jest": {
			"version": "24.0.11",
			"resolved": "https://registry.npmjs.org/@types/jest/-/jest-24.0.11.tgz",
			"integrity": "sha512-2kLuPC5FDnWIDvaJBzsGTBQaBbnDweznicvK7UGYzlIJP4RJR2a4A/ByLUXEyEgag6jz8eHdlWExGDtH3EYUXQ==",
			"dev": true,
			"dependencies": {
				"@types/jest-diff": "*"
			}
		},
		"node_modules/@types/jest-diff": {
			"version": "24.3.0",
			"dev": true,
			"license": "MIT",
			"dependencies": {
				"jest-diff": "*"
			}
		},
		"node_modules/@types/node": {
			"version": "11.13.0",
			"resolved": "https://registry.npmjs.org/@types/node/-/node-11.13.0.tgz",
			"integrity": "sha512-rx29MMkRdVmzunmiA4lzBYJNnXsW/PhG4kMBy2ATsYaDjGGR75dCFEVVROKpNwlVdcUX3xxlghKQOeDPBJobng==",
			"dev": true
		},
		"node_modules/@types/prop-types": {
			"version": "15.7.5",
			"dev": true,
			"license": "MIT"
		},
		"node_modules/@types/react": {
			"version": "16.8.10",
			"resolved": "https://registry.npmjs.org/@types/react/-/react-16.8.10.tgz",
			"integrity": "sha512-7bUQeZKP4XZH/aB4i7k1i5yuwymDu/hnLMhD9NjVZvQQH7ZUgRN3d6iu8YXzx4sN/tNr0bj8jgguk8hhObzGvA==",
			"dev": true,
			"dependencies": {
				"@types/prop-types": "*",
				"csstype": "^2.2.0"
			}
		},
		"node_modules/@types/react-dom": {
			"version": "16.8.3",
			"resolved": "https://registry.npmjs.org/@types/react-dom/-/react-dom-16.8.3.tgz",
			"integrity": "sha512-HF5hD5YR3z9Mn6kXcW1VKe4AQ04ZlZj1EdLBae61hzQ3eEWWxMgNLUbIxeZp40BnSxqY1eAYLsH9QopQcxzScA==",
			"dev": true,
			"dependencies": {
				"@types/react": "*"
			}
		},
		"node_modules/@types/use-sync-external-store": {
			"version": "0.0.3",
			"resolved": "https://registry.npmjs.org/@types/use-sync-external-store/-/use-sync-external-store-0.0.3.tgz",
			"integrity": "sha512-EwmlvuaxPNej9+T4v5AuBPJa2x2UOJVdjCtDHgcDqitUeOtjnJKJ+apYjVcAoBEMjKW1VVFGZLUb5+qqa09XFA==",
			"dev": true
		},
		"node_modules/ansi-regex": {
			"version": "5.0.1",
			"resolved": "https://registry.npmjs.org/ansi-regex/-/ansi-regex-5.0.1.tgz",
			"integrity": "sha512-quJQXlTSUGL2LH9SUXo8VwsY4soanhgo6LNSm84E1LBcE8s3O0wpdiRzyR9z/ZZJMlMWv37qOOb9pdJlMUEKFQ==",
			"dev": true,
			"engines": {
				"node": ">=8"
			}
		},
		"node_modules/ansi-styles": {
			"version": "4.3.0",
			"resolved": "https://registry.npmjs.org/ansi-styles/-/ansi-styles-4.3.0.tgz",
			"integrity": "sha512-zbB9rCJAT1rbjiVDb2hqKFHNYLxgtk8NURxZ3IZwD3F6NtxbXZQCnnSi1Lkx+IDohdPlFp222wVALIheZJQSEg==",
			"dev": true,
			"dependencies": {
				"color-convert": "^2.0.1"
			},
			"engines": {
				"node": ">=8"
			},
			"funding": {
				"url": "https://github.com/chalk/ansi-styles?sponsor=1"
			}
		},
		"node_modules/async": {
			"version": "0.2.10",
			"resolved": "https://registry.npmjs.org/async/-/async-0.2.10.tgz",
			"integrity": "sha1-trvgsGdLnXGXCMo43owjfLUmw9E="
		},
		"node_modules/chalk": {
			"version": "4.1.2",
			"resolved": "https://registry.npmjs.org/chalk/-/chalk-4.1.2.tgz",
			"integrity": "sha512-oKnbhFyRIXpUuez8iBMmyEa4nbj4IOQyuhc/wy9kY7/WVPcwIO9VA668Pu8RkO7+0G76SLROeyw9CpQ061i4mA==",
			"dev": true,
			"dependencies": {
				"ansi-styles": "^4.1.0",
				"supports-color": "^7.1.0"
			},
			"engines": {
				"node": ">=10"
			},
			"funding": {
				"url": "https://github.com/chalk/chalk?sponsor=1"
			}
		},
		"node_modules/color-convert": {
			"version": "2.0.1",
			"resolved": "https://registry.npmjs.org/color-convert/-/color-convert-2.0.1.tgz",
			"integrity": "sha512-RRECPsj7iu/xb5oKYcsFHSppFNnsj/52OVTRKb4zP5onXwVF3zVmmToNcOfGC+CRDpfK/U584fMg38ZHCaElKQ==",
			"dev": true,
			"dependencies": {
				"color-name": "~1.1.4"
			},
			"engines": {
				"node": ">=7.0.0"
			}
		},
		"node_modules/color-name": {
			"version": "1.1.4",
			"resolved": "https://registry.npmjs.org/color-name/-/color-name-1.1.4.tgz",
			"integrity": "sha512-dOy+3AuW3a2wNbZHIuMZpTcgjGuLU/uBL/ubcZF9OXbDo8ff4O8yVp5Bf0efS8uEoYo5q4Fx7dY9OgQGXgAsQA==",
			"dev": true
		},
		"node_modules/csstype": {
			"version": "2.6.20",
			"dev": true,
			"license": "MIT"
		},
		"node_modules/diff-sequences": {
			"version": "28.0.2",
			"resolved": "https://registry.npmjs.org/diff-sequences/-/diff-sequences-28.0.2.tgz",
			"integrity": "sha512-YtEoNynLDFCRznv/XDalsKGSZDoj0U5kLnXvY0JSq3nBboRrZXjD81+eSiwi+nzcZDwedMmcowcxNwwgFW23mQ==",
			"dev": true,
			"engines": {
				"node": "^12.13.0 || ^14.15.0 || ^16.10.0 || >=17.0.0"
			}
		},
		"node_modules/has-flag": {
			"version": "4.0.0",
			"resolved": "https://registry.npmjs.org/has-flag/-/has-flag-4.0.0.tgz",
			"integrity": "sha512-EykJT/Q1KjTWctppgIAgfSO0tKVuZUjhgMr17kqTumMl6Afv3EISleU7qZUzoXDFTAHTDC4NOoG/ZxU3EvlMPQ==",
			"dev": true,
			"engines": {
				"node": ">=8"
			}
		},
		"node_modules/hoist": {
			"version": "0.0.6",
			"resolved": "https://registry.npmjs.org/hoist/-/hoist-0.0.6.tgz",
			"integrity": "sha1-QaXtl8r0i7hjeM92wXsizGxKLmQ=",
			"dependencies": {
				"async": "0.2.x",
				"type-component": "0.0.x"
			}
		},
		"node_modules/hoist-non-react-statics": {
			"version": "3.3.2",
			"resolved": "https://registry.npmjs.org/hoist-non-react-statics/-/hoist-non-react-statics-3.3.2.tgz",
			"integrity": "sha512-/gGivxi8JPKWNm/W0jSmzcMPpfpPLc3dY/6GxhX2hQ9iGj3aDfklV4ET7NjKpSinLpJ5vafa9iiGIEZg10SfBw==",
			"dev": true,
			"dependencies": {
				"react-is": "^16.7.0"
			}
		},
		"node_modules/hoist-non-react-statics/node_modules/react-is": {
			"version": "16.13.1",
			"resolved": "https://registry.npmjs.org/react-is/-/react-is-16.13.1.tgz",
			"integrity": "sha512-24e6ynE2H+OKt4kqsOvNd8kBpV65zoxbA4BVsEOB3ARVWQki/DHzaUoC5KuON/BiccDaCCTZBuOcfZs70kR8bQ==",
			"dev": true
		},
		"node_modules/immer": {
			"version": "9.0.12",
			"resolved": "https://registry.npmjs.org/immer/-/immer-9.0.12.tgz",
			"integrity": "sha512-lk7UNmSbAukB5B6dh9fnh5D0bJTOFKxVg2cyJWTYrWRfhLrLMBquONcUs3aFq507hNoIZEDDh8lb8UtOizSMhA==",
			"dev": true,
			"funding": {
				"type": "opencollective",
				"url": "https://opencollective.com/immer"
			}
		},
		"node_modules/jest-diff": {
			"version": "28.1.0",
			"resolved": "https://registry.npmjs.org/jest-diff/-/jest-diff-28.1.0.tgz",
			"integrity": "sha512-8eFd3U3OkIKRtlasXfiAQfbovgFgRDb0Ngcs2E+FMeBZ4rUezqIaGjuyggJBp+llosQXNEWofk/Sz4Hr5gMUhA==",
			"dev": true,
			"dependencies": {
				"chalk": "^4.0.0",
				"diff-sequences": "^28.0.2",
				"jest-get-type": "^28.0.2",
				"pretty-format": "^28.1.0"
			},
			"engines": {
				"node": "^12.13.0 || ^14.15.0 || ^16.10.0 || >=17.0.0"
			}
		},
		"node_modules/jest-get-type": {
			"version": "28.0.2",
			"resolved": "https://registry.npmjs.org/jest-get-type/-/jest-get-type-28.0.2.tgz",
			"integrity": "sha512-ioj2w9/DxSYHfOm5lJKCdcAmPJzQXmbM/Url3rhlghrPvT3tt+7a/+oXc9azkKmLvoiXjtV83bEWqi+vs5nlPA==",
			"dev": true,
			"engines": {
				"node": "^12.13.0 || ^14.15.0 || ^16.10.0 || >=17.0.0"
			}
		},
		"node_modules/js-tokens": {
			"version": "4.0.0",
			"dev": true,
			"license": "MIT"
		},
		"node_modules/loose-envify": {
			"version": "1.4.0",
			"dev": true,
			"license": "MIT",
			"dependencies": {
				"js-tokens": "^3.0.0 || ^4.0.0"
			},
			"bin": {
				"loose-envify": "cli.js"
			}
		},
		"node_modules/pretty-format": {
			"version": "28.1.0",
			"resolved": "https://registry.npmjs.org/pretty-format/-/pretty-format-28.1.0.tgz",
			"integrity": "sha512-79Z4wWOYCdvQkEoEuSlBhHJqWeZ8D8YRPiPctJFCtvuaClGpiwiQYSCUOE6IEKUbbFukKOTFIUAXE8N4EQTo1Q==",
			"dev": true,
			"dependencies": {
				"@jest/schemas": "^28.0.2",
				"ansi-regex": "^5.0.1",
				"ansi-styles": "^5.0.0",
				"react-is": "^18.0.0"
			},
			"engines": {
				"node": "^12.13.0 || ^14.15.0 || ^16.10.0 || >=17.0.0"
			}
		},
		"node_modules/pretty-format/node_modules/ansi-styles": {
			"version": "5.2.0",
			"resolved": "https://registry.npmjs.org/ansi-styles/-/ansi-styles-5.2.0.tgz",
			"integrity": "sha512-Cxwpt2SfTzTtXcfOlzGEee8O+c+MmUgGrNiBcXnuWxuFJHe6a5Hz7qwhwe5OgaSYI0IJvkLqWX1ASG+cJOkEiA==",
			"dev": true,
			"engines": {
				"node": ">=10"
			},
			"funding": {
				"url": "https://github.com/chalk/ansi-styles?sponsor=1"
			}
		},
		"node_modules/react": {
			"version": "18.1.0",
			"resolved": "https://registry.npmjs.org/react/-/react-18.1.0.tgz",
			"integrity": "sha512-4oL8ivCz5ZEPyclFQXaNksK3adutVS8l2xzZU0cqEFrE9Sb7fC0EFK5uEk74wIreL1DERyjvsU915j1pcT2uEQ==",
			"dev": true,
			"dependencies": {
				"loose-envify": "^1.1.0"
			},
			"engines": {
				"node": ">=0.10.0"
			}
		},
		"node_modules/react-dom": {
			"version": "18.1.0",
			"resolved": "https://registry.npmjs.org/react-dom/-/react-dom-18.1.0.tgz",
			"integrity": "sha512-fU1Txz7Budmvamp7bshe4Zi32d0ll7ect+ccxNu9FlObT605GOEB8BfO4tmRJ39R5Zj831VCpvQ05QPBW5yb+w==",
			"dev": true,
			"dependencies": {
				"loose-envify": "^1.1.0",
				"scheduler": "^0.22.0"
			},
			"peerDependencies": {
				"react": "^18.1.0"
			}
		},
		"node_modules/react-is": {
			"version": "18.1.0",
			"resolved": "https://registry.npmjs.org/react-is/-/react-is-18.1.0.tgz",
			"integrity": "sha512-Fl7FuabXsJnV5Q1qIOQwx/sagGF18kogb4gpfcG4gjLBWO0WDiiz1ko/ExayuxE7InyQkBLkxRFG5oxY6Uu3Kg==",
			"dev": true
		},
		"node_modules/react-redux": {
			"version": "8.0.1",
			"resolved": "https://registry.npmjs.org/react-redux/-/react-redux-8.0.1.tgz",
			"integrity": "sha512-LMZMsPY4DYdZfLJgd7i79n5Kps5N9XVLCJJeWAaPYTV+Eah2zTuBjTxKtNEbjiyitbq80/eIkm55CYSLqAub3w==",
			"dev": true,
			"dependencies": {
				"@babel/runtime": "^7.12.1",
				"@types/hoist-non-react-statics": "^3.3.1",
				"@types/use-sync-external-store": "^0.0.3",
				"hoist-non-react-statics": "^3.3.2",
				"react-is": "^18.0.0",
				"use-sync-external-store": "^1.0.0"
			},
			"peerDependencies": {
				"@types/react": "^16.8 || ^17.0 || ^18.0",
				"@types/react-dom": "^16.8 || ^17.0 || ^18.0",
				"react": "^16.8 || ^17.0 || ^18.0",
				"react-dom": "^16.8 || ^17.0 || ^18.0",
				"react-native": ">=0.59",
				"redux": "^4"
			},
			"peerDependenciesMeta": {
				"@types/react": {
					"optional": true
				},
				"@types/react-dom": {
					"optional": true
				},
				"react-dom": {
					"optional": true
				},
				"react-native": {
					"optional": true
				},
				"redux": {
					"optional": true
				}
			}
		},
		"node_modules/redux": {
			"version": "4.2.0",
			"resolved": "https://registry.npmjs.org/redux/-/redux-4.2.0.tgz",
			"integrity": "sha512-oSBmcKKIuIR4ME29/AeNUnl5L+hvBq7OaJWzaptTQJAntaPvxIJqfnjbaEiCzzaIz+XmVILfqAM3Ob0aXLPfjA==",
			"dev": true,
			"dependencies": {
				"@babel/runtime": "^7.9.2"
			}
		},
		"node_modules/redux-thunk": {
			"version": "2.4.1",
			"resolved": "https://registry.npmjs.org/redux-thunk/-/redux-thunk-2.4.1.tgz",
			"integrity": "sha512-OOYGNY5Jy2TWvTL1KgAlVy6dcx3siPJ1wTq741EPyUKfn6W6nChdICjZwCd0p8AZBs5kWpZlbkXW2nE/zjUa+Q==",
			"dev": true,
			"peerDependencies": {
				"redux": "^4"
			}
		},
		"node_modules/regenerator-runtime": {
			"version": "0.13.9",
			"resolved": "https://registry.npmjs.org/regenerator-runtime/-/regenerator-runtime-0.13.9.tgz",
			"integrity": "sha512-p3VT+cOEgxFsRRA9X4lkI1E+k2/CtnKtU4gcxyaCUreilL/vqI6CdZ3wxVUx3UOUg+gnUOQQcRI7BmSI656MYA==",
			"dev": true
		},
		"node_modules/reselect": {
			"version": "4.1.5",
			"resolved": "https://registry.npmjs.org/reselect/-/reselect-4.1.5.tgz",
			"integrity": "sha512-uVdlz8J7OO+ASpBYoz1Zypgx0KasCY20H+N8JD13oUMtPvSHQuscrHop4KbXrbsBcdB9Ds7lVK7eRkBIfO43vQ==",
			"dev": true
		},
		"node_modules/scheduler": {
			"version": "0.22.0",
			"dev": true,
			"license": "MIT",
			"dependencies": {
				"loose-envify": "^1.1.0"
			}
		},
		"node_modules/supports-color": {
			"version": "7.2.0",
			"resolved": "https://registry.npmjs.org/supports-color/-/supports-color-7.2.0.tgz",
			"integrity": "sha512-qpCAvRl9stuOHveKsn7HncJRvv501qIacKzQlO/+Lwxc9+0q2wLyv4Dfvt80/DPn2pqOBsJdDiogXGR9+OvwRw==",
			"dev": true,
			"dependencies": {
				"has-flag": "^4.0.0"
			},
			"engines": {
				"node": ">=8"
			}
		},
		"node_modules/tslib": {
			"version": "1.9.3",
			"resolved": "https://registry.npmjs.org/tslib/-/tslib-1.9.3.tgz",
			"integrity": "sha512-4krF8scpejhaOgqzBEcGM7yDIEfi0/8+8zDRZhNZZ2kjmHJ4hv3zCbQWxoJGz1iw5U0Jl0nma13xzHXcncMavQ==",
			"dev": true
		},
		"node_modules/type-component": {
			"version": "0.0.1",
			"resolved": "https://registry.npmjs.org/type-component/-/type-component-0.0.1.tgz",
			"integrity": "sha1-lSpsgcIe/STRPYEdDISYy4YOGVY="
		},
		"node_modules/typescript": {
			"version": "4.6.4",
			"resolved": "https://registry.npmjs.org/typescript/-/typescript-4.6.4.tgz",
			"integrity": "sha512-9ia/jWHIEbo49HfjrLGfKbZSuWo9iTMwXO+Ca3pRsSpbsMbc7/IU8NKdCZVRRBafVPGnoJeFL76ZOAA84I9fEg==",
			"dev": true,
			"bin": {
				"tsc": "bin/tsc",
				"tsserver": "bin/tsserver"
			},
			"engines": {
				"node": ">=4.2.0"
			}
		},
		"node_modules/use-sync-external-store": {
			"version": "1.1.0",
			"resolved": "https://registry.npmjs.org/use-sync-external-store/-/use-sync-external-store-1.1.0.tgz",
			"integrity": "sha512-SEnieB2FPKEVne66NpXPd1Np4R1lTNKfjuy3XdIoPQKYBAFdzbzSZlSn1KJZUiihQLQC5Znot4SBz1EOTBwQAQ==",
			"dev": true,
			"peerDependencies": {
				"react": "^16.8.0 || ^17.0.0 || ^18.0.0"
			}
		}
	},
	"dependencies": {
		"@babel/runtime": {
			"version": "7.17.9",
			"resolved": "https://registry.npmjs.org/@babel/runtime/-/runtime-7.17.9.tgz",
			"integrity": "sha512-lSiBBvodq29uShpWGNbgFdKYNiFDo5/HIYsaCEY9ff4sb10x9jizo2+pRrSyF4jKZCXqgzuqBOQKbUm90gQwJg==",
			"dev": true,
			"requires": {
				"regenerator-runtime": "^0.13.4"
			}
		},
		"@jest/schemas": {
			"version": "28.0.2",
			"resolved": "https://registry.npmjs.org/@jest/schemas/-/schemas-28.0.2.tgz",
			"integrity": "sha512-YVDJZjd4izeTDkij00vHHAymNXQ6WWsdChFRK86qck6Jpr3DCL5W3Is3vslviRlP+bLuMYRLbdp98amMvqudhA==",
			"dev": true,
			"requires": {
				"@sinclair/typebox": "^0.23.3"
			}
		},
		"@reduxjs/toolkit": {
			"version": "1.8.1",
			"resolved": "https://registry.npmjs.org/@reduxjs/toolkit/-/toolkit-1.8.1.tgz",
			"integrity": "sha512-Q6mzbTpO9nOYRnkwpDlFOAbQnd3g7zj7CtHAZWz5SzE5lcV97Tf8f3SzOO8BoPOMYBFgfZaqTUZqgGu+a0+Fng==",
			"dev": true,
			"requires": {
				"immer": "^9.0.7",
				"redux": "^4.1.2",
				"redux-thunk": "^2.4.1",
				"reselect": "^4.1.5"
			}
		},
		"@sinclair/typebox": {
			"version": "0.23.5",
			"resolved": "https://registry.npmjs.org/@sinclair/typebox/-/typebox-0.23.5.tgz",
			"integrity": "sha512-AFBVi/iT4g20DHoujvMH1aEDn8fGJh4xsRGCP6d8RpLPMqsNPvW01Jcn0QysXTsg++/xj25NmJsGyH9xug/wKg==",
			"dev": true
		},
		"@types/hoist-non-react-statics": {
			"version": "3.3.1",
			"resolved": "https://registry.npmjs.org/@types/hoist-non-react-statics/-/hoist-non-react-statics-3.3.1.tgz",
			"integrity": "sha512-iMIqiko6ooLrTh1joXodJK5X9xeEALT1kM5G3ZLhD3hszxBdIEd5C75U834D9mLcINgD4OyZf5uQXjkuYydWvA==",
			"dev": true,
			"requires": {
				"@types/react": "*",
				"hoist-non-react-statics": "^3.3.0"
			}
		},
		"@types/jest": {
			"version": "24.0.11",
			"resolved": "https://registry.npmjs.org/@types/jest/-/jest-24.0.11.tgz",
			"integrity": "sha512-2kLuPC5FDnWIDvaJBzsGTBQaBbnDweznicvK7UGYzlIJP4RJR2a4A/ByLUXEyEgag6jz8eHdlWExGDtH3EYUXQ==",
			"dev": true,
			"requires": {
				"@types/jest-diff": "*"
			}
		},
		"@types/jest-diff": {
			"version": "24.3.0",
			"dev": true,
			"requires": {
				"jest-diff": "*"
			}
		},
		"@types/node": {
			"version": "11.13.0",
			"resolved": "https://registry.npmjs.org/@types/node/-/node-11.13.0.tgz",
			"integrity": "sha512-rx29MMkRdVmzunmiA4lzBYJNnXsW/PhG4kMBy2ATsYaDjGGR75dCFEVVROKpNwlVdcUX3xxlghKQOeDPBJobng==",
			"dev": true
		},
		"@types/prop-types": {
			"version": "15.7.5",
			"dev": true
		},
		"@types/react": {
			"version": "16.8.10",
			"resolved": "https://registry.npmjs.org/@types/react/-/react-16.8.10.tgz",
			"integrity": "sha512-7bUQeZKP4XZH/aB4i7k1i5yuwymDu/hnLMhD9NjVZvQQH7ZUgRN3d6iu8YXzx4sN/tNr0bj8jgguk8hhObzGvA==",
			"dev": true,
			"requires": {
				"@types/prop-types": "*",
				"csstype": "^2.2.0"
			}
		},
		"@types/react-dom": {
			"version": "16.8.3",
			"resolved": "https://registry.npmjs.org/@types/react-dom/-/react-dom-16.8.3.tgz",
			"integrity": "sha512-HF5hD5YR3z9Mn6kXcW1VKe4AQ04ZlZj1EdLBae61hzQ3eEWWxMgNLUbIxeZp40BnSxqY1eAYLsH9QopQcxzScA==",
			"dev": true,
			"requires": {
				"@types/react": "*"
			}
		},
		"@types/use-sync-external-store": {
			"version": "0.0.3",
			"resolved": "https://registry.npmjs.org/@types/use-sync-external-store/-/use-sync-external-store-0.0.3.tgz",
			"integrity": "sha512-EwmlvuaxPNej9+T4v5AuBPJa2x2UOJVdjCtDHgcDqitUeOtjnJKJ+apYjVcAoBEMjKW1VVFGZLUb5+qqa09XFA==",
			"dev": true
		},
		"ansi-regex": {
			"version": "5.0.1",
			"resolved": "https://registry.npmjs.org/ansi-regex/-/ansi-regex-5.0.1.tgz",
			"integrity": "sha512-quJQXlTSUGL2LH9SUXo8VwsY4soanhgo6LNSm84E1LBcE8s3O0wpdiRzyR9z/ZZJMlMWv37qOOb9pdJlMUEKFQ==",
			"dev": true
		},
		"ansi-styles": {
			"version": "4.3.0",
			"resolved": "https://registry.npmjs.org/ansi-styles/-/ansi-styles-4.3.0.tgz",
			"integrity": "sha512-zbB9rCJAT1rbjiVDb2hqKFHNYLxgtk8NURxZ3IZwD3F6NtxbXZQCnnSi1Lkx+IDohdPlFp222wVALIheZJQSEg==",
			"dev": true,
			"requires": {
				"color-convert": "^2.0.1"
			}
		},
		"async": {
			"version": "0.2.10",
			"resolved": "https://registry.npmjs.org/async/-/async-0.2.10.tgz",
			"integrity": "sha1-trvgsGdLnXGXCMo43owjfLUmw9E="
		},
		"chalk": {
			"version": "4.1.2",
			"resolved": "https://registry.npmjs.org/chalk/-/chalk-4.1.2.tgz",
			"integrity": "sha512-oKnbhFyRIXpUuez8iBMmyEa4nbj4IOQyuhc/wy9kY7/WVPcwIO9VA668Pu8RkO7+0G76SLROeyw9CpQ061i4mA==",
			"dev": true,
			"requires": {
				"ansi-styles": "^4.1.0",
				"supports-color": "^7.1.0"
			}
		},
		"color-convert": {
			"version": "2.0.1",
			"resolved": "https://registry.npmjs.org/color-convert/-/color-convert-2.0.1.tgz",
			"integrity": "sha512-RRECPsj7iu/xb5oKYcsFHSppFNnsj/52OVTRKb4zP5onXwVF3zVmmToNcOfGC+CRDpfK/U584fMg38ZHCaElKQ==",
			"dev": true,
			"requires": {
				"color-name": "~1.1.4"
			}
		},
		"color-name": {
			"version": "1.1.4",
			"resolved": "https://registry.npmjs.org/color-name/-/color-name-1.1.4.tgz",
			"integrity": "sha512-dOy+3AuW3a2wNbZHIuMZpTcgjGuLU/uBL/ubcZF9OXbDo8ff4O8yVp5Bf0efS8uEoYo5q4Fx7dY9OgQGXgAsQA==",
			"dev": true
		},
		"csstype": {
			"version": "2.6.20",
			"dev": true
		},
		"diff-sequences": {
			"version": "28.0.2",
			"resolved": "https://registry.npmjs.org/diff-sequences/-/diff-sequences-28.0.2.tgz",
			"integrity": "sha512-YtEoNynLDFCRznv/XDalsKGSZDoj0U5kLnXvY0JSq3nBboRrZXjD81+eSiwi+nzcZDwedMmcowcxNwwgFW23mQ==",
			"dev": true
		},
		"has-flag": {
			"version": "4.0.0",
			"resolved": "https://registry.npmjs.org/has-flag/-/has-flag-4.0.0.tgz",
			"integrity": "sha512-EykJT/Q1KjTWctppgIAgfSO0tKVuZUjhgMr17kqTumMl6Afv3EISleU7qZUzoXDFTAHTDC4NOoG/ZxU3EvlMPQ==",
			"dev": true
		},
		"hoist": {
			"version": "0.0.6",
			"resolved": "https://registry.npmjs.org/hoist/-/hoist-0.0.6.tgz",
			"integrity": "sha1-QaXtl8r0i7hjeM92wXsizGxKLmQ=",
			"requires": {
				"async": "0.2.x",
				"type-component": "0.0.x"
			}
		},
		"hoist-non-react-statics": {
			"version": "3.3.2",
			"resolved": "https://registry.npmjs.org/hoist-non-react-statics/-/hoist-non-react-statics-3.3.2.tgz",
			"integrity": "sha512-/gGivxi8JPKWNm/W0jSmzcMPpfpPLc3dY/6GxhX2hQ9iGj3aDfklV4ET7NjKpSinLpJ5vafa9iiGIEZg10SfBw==",
			"dev": true,
			"requires": {
				"react-is": "^16.7.0"
			},
			"dependencies": {
				"react-is": {
					"version": "16.13.1",
					"resolved": "https://registry.npmjs.org/react-is/-/react-is-16.13.1.tgz",
					"integrity": "sha512-24e6ynE2H+OKt4kqsOvNd8kBpV65zoxbA4BVsEOB3ARVWQki/DHzaUoC5KuON/BiccDaCCTZBuOcfZs70kR8bQ==",
					"dev": true
				}
			}
		},
		"immer": {
			"version": "9.0.12",
			"resolved": "https://registry.npmjs.org/immer/-/immer-9.0.12.tgz",
			"integrity": "sha512-lk7UNmSbAukB5B6dh9fnh5D0bJTOFKxVg2cyJWTYrWRfhLrLMBquONcUs3aFq507hNoIZEDDh8lb8UtOizSMhA==",
			"dev": true
		},
		"jest-diff": {
			"version": "28.1.0",
			"resolved": "https://registry.npmjs.org/jest-diff/-/jest-diff-28.1.0.tgz",
			"integrity": "sha512-8eFd3U3OkIKRtlasXfiAQfbovgFgRDb0Ngcs2E+FMeBZ4rUezqIaGjuyggJBp+llosQXNEWofk/Sz4Hr5gMUhA==",
			"dev": true,
			"requires": {
				"chalk": "^4.0.0",
				"diff-sequences": "^28.0.2",
				"jest-get-type": "^28.0.2",
				"pretty-format": "^28.1.0"
			}
		},
		"jest-get-type": {
			"version": "28.0.2",
			"resolved": "https://registry.npmjs.org/jest-get-type/-/jest-get-type-28.0.2.tgz",
			"integrity": "sha512-ioj2w9/DxSYHfOm5lJKCdcAmPJzQXmbM/Url3rhlghrPvT3tt+7a/+oXc9azkKmLvoiXjtV83bEWqi+vs5nlPA==",
			"dev": true
		},
		"js-tokens": {
			"version": "4.0.0",
			"dev": true
		},
		"loose-envify": {
			"version": "1.4.0",
			"dev": true,
			"requires": {
				"js-tokens": "^3.0.0 || ^4.0.0"
			}
		},
		"pretty-format": {
			"version": "28.1.0",
			"resolved": "https://registry.npmjs.org/pretty-format/-/pretty-format-28.1.0.tgz",
			"integrity": "sha512-79Z4wWOYCdvQkEoEuSlBhHJqWeZ8D8YRPiPctJFCtvuaClGpiwiQYSCUOE6IEKUbbFukKOTFIUAXE8N4EQTo1Q==",
			"dev": true,
			"requires": {
				"@jest/schemas": "^28.0.2",
				"ansi-regex": "^5.0.1",
				"ansi-styles": "^5.0.0",
				"react-is": "^18.0.0"
			},
			"dependencies": {
				"ansi-styles": {
					"version": "5.2.0",
					"resolved": "https://registry.npmjs.org/ansi-styles/-/ansi-styles-5.2.0.tgz",
					"integrity": "sha512-Cxwpt2SfTzTtXcfOlzGEee8O+c+MmUgGrNiBcXnuWxuFJHe6a5Hz7qwhwe5OgaSYI0IJvkLqWX1ASG+cJOkEiA==",
					"dev": true
				}
			}
		},
		"react": {
			"version": "18.1.0",
			"resolved": "https://registry.npmjs.org/react/-/react-18.1.0.tgz",
			"integrity": "sha512-4oL8ivCz5ZEPyclFQXaNksK3adutVS8l2xzZU0cqEFrE9Sb7fC0EFK5uEk74wIreL1DERyjvsU915j1pcT2uEQ==",
			"dev": true,
			"requires": {
				"loose-envify": "^1.1.0"
			}
		},
		"react-dom": {
			"version": "18.1.0",
			"resolved": "https://registry.npmjs.org/react-dom/-/react-dom-18.1.0.tgz",
			"integrity": "sha512-fU1Txz7Budmvamp7bshe4Zi32d0ll7ect+ccxNu9FlObT605GOEB8BfO4tmRJ39R5Zj831VCpvQ05QPBW5yb+w==",
			"dev": true,
			"requires": {
				"loose-envify": "^1.1.0",
				"scheduler": "^0.22.0"
			}
		},
		"react-is": {
			"version": "18.1.0",
			"resolved": "https://registry.npmjs.org/react-is/-/react-is-18.1.0.tgz",
			"integrity": "sha512-Fl7FuabXsJnV5Q1qIOQwx/sagGF18kogb4gpfcG4gjLBWO0WDiiz1ko/ExayuxE7InyQkBLkxRFG5oxY6Uu3Kg==",
			"dev": true
		},
		"react-redux": {
			"version": "8.0.1",
			"resolved": "https://registry.npmjs.org/react-redux/-/react-redux-8.0.1.tgz",
			"integrity": "sha512-LMZMsPY4DYdZfLJgd7i79n5Kps5N9XVLCJJeWAaPYTV+Eah2zTuBjTxKtNEbjiyitbq80/eIkm55CYSLqAub3w==",
			"dev": true,
			"requires": {
				"@babel/runtime": "^7.12.1",
				"@types/hoist-non-react-statics": "^3.3.1",
				"@types/use-sync-external-store": "^0.0.3",
				"hoist-non-react-statics": "^3.3.2",
				"react-is": "^18.0.0",
				"use-sync-external-store": "^1.0.0"
			}
		},
		"redux": {
			"version": "4.2.0",
			"resolved": "https://registry.npmjs.org/redux/-/redux-4.2.0.tgz",
			"integrity": "sha512-oSBmcKKIuIR4ME29/AeNUnl5L+hvBq7OaJWzaptTQJAntaPvxIJqfnjbaEiCzzaIz+XmVILfqAM3Ob0aXLPfjA==",
			"dev": true,
			"requires": {
				"@babel/runtime": "^7.9.2"
			}
		},
		"redux-thunk": {
			"version": "2.4.1",
			"resolved": "https://registry.npmjs.org/redux-thunk/-/redux-thunk-2.4.1.tgz",
			"integrity": "sha512-OOYGNY5Jy2TWvTL1KgAlVy6dcx3siPJ1wTq741EPyUKfn6W6nChdICjZwCd0p8AZBs5kWpZlbkXW2nE/zjUa+Q==",
			"dev": true,
			"requires": {}
		},
		"regenerator-runtime": {
			"version": "0.13.9",
			"resolved": "https://registry.npmjs.org/regenerator-runtime/-/regenerator-runtime-0.13.9.tgz",
			"integrity": "sha512-p3VT+cOEgxFsRRA9X4lkI1E+k2/CtnKtU4gcxyaCUreilL/vqI6CdZ3wxVUx3UOUg+gnUOQQcRI7BmSI656MYA==",
			"dev": true
		},
		"reselect": {
			"version": "4.1.5",
			"resolved": "https://registry.npmjs.org/reselect/-/reselect-4.1.5.tgz",
			"integrity": "sha512-uVdlz8J7OO+ASpBYoz1Zypgx0KasCY20H+N8JD13oUMtPvSHQuscrHop4KbXrbsBcdB9Ds7lVK7eRkBIfO43vQ==",
			"dev": true
		},
		"scheduler": {
			"version": "0.22.0",
			"dev": true,
			"requires": {
				"loose-envify": "^1.1.0"
			}
		},
		"supports-color": {
			"version": "7.2.0",
			"resolved": "https://registry.npmjs.org/supports-color/-/supports-color-7.2.0.tgz",
			"integrity": "sha512-qpCAvRl9stuOHveKsn7HncJRvv501qIacKzQlO/+Lwxc9+0q2wLyv4Dfvt80/DPn2pqOBsJdDiogXGR9+OvwRw==",
			"dev": true,
			"requires": {
				"has-flag": "^4.0.0"
			}
		},
		"tslib": {
			"version": "1.9.3",
			"resolved": "https://registry.npmjs.org/tslib/-/tslib-1.9.3.tgz",
			"integrity": "sha512-4krF8scpejhaOgqzBEcGM7yDIEfi0/8+8zDRZhNZZ2kjmHJ4hv3zCbQWxoJGz1iw5U0Jl0nma13xzHXcncMavQ==",
			"dev": true
		},
		"type-component": {
			"version": "0.0.1",
			"resolved": "https://registry.npmjs.org/type-component/-/type-component-0.0.1.tgz",
			"integrity": "sha1-lSpsgcIe/STRPYEdDISYy4YOGVY="
		},
		"typescript": {
			"version": "4.6.4",
			"resolved": "https://registry.npmjs.org/typescript/-/typescript-4.6.4.tgz",
			"integrity": "sha512-9ia/jWHIEbo49HfjrLGfKbZSuWo9iTMwXO+Ca3pRsSpbsMbc7/IU8NKdCZVRRBafVPGnoJeFL76ZOAA84I9fEg==",
			"dev": true
		},
		"use-sync-external-store": {
			"version": "1.1.0",
			"resolved": "https://registry.npmjs.org/use-sync-external-store/-/use-sync-external-store-1.1.0.tgz",
			"integrity": "sha512-SEnieB2FPKEVne66NpXPd1Np4R1lTNKfjuy3XdIoPQKYBAFdzbzSZlSn1KJZUiihQLQC5Znot4SBz1EOTBwQAQ==",
			"dev": true,
			"requires": {}
		}
	}
}
